
Microsoft Visual Studio Solution File, Format Version 12.00
# Visual Studio Version 16
VisualStudioVersion = 16.0.31605.320
MinimumVisualStudioVersion = 10.0.40219.1
Project("{8BC9CEB8-8B4A-11D0-8D11-00A0C91BC942}") = "129-1", "129-1.vcxproj", "{2E92434C-C935-406C-B22B-6C7D2BD08906}"
EndProject
Global
	GlobalSection(SolutionConfigurationPlatforms) = preSolution
		Debug|x64 = Debug|x64
		Debug|x86 = Debug|x86
		Release|x64 = Release|x64
		Release|x86 = Release|x86
	EndGlobalSection
	GlobalSection(ProjectConfigurationPlatforms) = postSolution
		{2E92434C-C935-406C-B22B-6C7D2BD08906}.Debug|x64.ActiveCfg = Debug|x64
		{2E92434C-C935-406C-B22B-6C7D2BD08906}.Debug|x64.Build.0 = Debug|x64
		{2E92434C-C935-406C-B22B-6C7D2BD08906}.Debug|x86.ActiveCfg = Debug|Win32
		{2E92434C-C935-406C-B22B-6C7D2BD08906}.Debug|x86.Build.0 = Debug|Win32
		{2E92434C-C935-406C-B22B-6C7D2BD08906}.Release|x64.ActiveCfg = Release|x64
		{2E92434C-C935-406C-B22B-6C7D2BD08906}.Release|x64.Build.0 = Release|x64
		{2E92434C-C935-406C-B22B-6C7D2BD08906}.Release|x86.ActiveCfg = Release|Win32
		{2E92434C-C935-406C-B22B-6C7D2BD08906}.Release|x86.Build.0 = Release|Win32
	EndGlobalSection
	GlobalSection(SolutionProperties) = preSolution
		HideSolutionNode = FALSE
	EndGlobalSection
	GlobalSection(ExtensibilityGlobals) = postSolution
		SolutionGuid = {A1E76BB3-C4FE-4C02-8BD1-E6F0BDAED9E6}
	EndGlobalSection
EndGlobal
